
Microsoft Visual Studio Solution File, Format Version 12.00
# Visual Studio Version 18
VisualStudioVersion = 18.0.11205.157
MinimumVisualStudioVersion = 10.0.40219.1
Project("{FAE04EC0-301F-11D3-BF4B-00C04F79EFBC}") = "RedactEngine.AppHost", "RedactEngine.AppHost\RedactEngine.AppHost.csproj", "{26214D7A-9C07-4910-A2AE-E01F89B69C0F}"
EndProject
Project("{FAE04EC0-301F-11D3-BF4B-00C04F79EFBC}") = "RedactEngine.ServiceDefaults", "RedactEngine.ServiceDefaults\RedactEngine.ServiceDefaults.csproj", "{24D24509-EBB8-314F-C26F-EE1811E92AB7}"
EndProject
Project("{FAE04EC0-301F-11D3-BF4B-00C04F79EFBC}") = "RedactEngine.ApiService", "RedactEngine.ApiService\RedactEngine.ApiService.csproj", "{36DA32FB-2EF9-19A8-32DE-644D360AB840}"
EndProject
Project("{FAE04EC0-301F-11D3-BF4B-00C04F79EFBC}") = "RedactEngine.Infrastructure", "RedactEngine.Infrastructure\RedactEngine.Infrastructure.csproj", "{FC2D0185-1D08-6051-A612-7451A7088F4B}"
EndProject
Project("{FAE04EC0-301F-11D3-BF4B-00C04F79EFBC}") = "RedactEngine.Domain", "RedactEngine.Domain\RedactEngine.Domain.csproj", "{EF2B551E-E635-6576-A30C-442934E78768}"
EndProject
Project("{FAE04EC0-301F-11D3-BF4B-00C04F79EFBC}") = "RedactEngine.Application", "RedactEngine.Application\RedactEngine.Application.csproj", "{9A0D914B-1A92-EACC-C433-0257C3998823}"
EndProject
Project("{FAE04EC0-301F-11D3-BF4B-00C04F79EFBC}") = "RedactEngine.Shared", "RedactEngine.Shared\RedactEngine.Shared.csproj", "{F1D5A1CD-C963-47CE-9B92-59DDA280C60B}"
EndProject
Project("{FAE04EC0-301F-11D3-BF4B-00C04F79EFBC}") = "RedactEngine.Worker", "RedactEngine.Worker\RedactEngine.Worker.csproj", "{03209CC2-3931-BECF-0EA8-A2CDE7D2E18D}"
EndProject
Global
	GlobalSection(SolutionConfigurationPlatforms) = preSolution
		Debug|Any CPU = Debug|Any CPU
		Debug|x64 = Debug|x64
		Debug|x86 = Debug|x86
		Release|Any CPU = Release|Any CPU
		Release|x64 = Release|x64
		Release|x86 = Release|x86
	EndGlobalSection
	GlobalSection(ProjectConfigurationPlatforms) = postSolution
		{26214D7A-9C07-4910-A2AE-E01F89B69C0F}.Debug|Any CPU.ActiveCfg = Debug|Any CPU
		{26214D7A-9C07-4910-A2AE-E01F89B69C0F}.Debug|Any CPU.Build.0 = Debug|Any CPU
		{26214D7A-9C07-4910-A2AE-E01F89B69C0F}.Debug|x64.ActiveCfg = Debug|Any CPU
		{26214D7A-9C07-4910-A2AE-E01F89B69C0F}.Debug|x64.Build.0 = Debug|Any CPU
		{26214D7A-9C07-4910-A2AE-E01F89B69C0F}.Debug|x86.ActiveCfg = Debug|Any CPU
		{26214D7A-9C07-4910-A2AE-E01F89B69C0F}.Debug|x86.Build.0 = Debug|Any CPU
		{26214D7A-9C07-4910-A2AE-E01F89B69C0F}.Release|Any CPU.ActiveCfg = Release|Any CPU
		{26214D7A-9C07-4910-A2AE-E01F89B69C0F}.Release|Any CPU.Build.0 = Release|Any CPU
		{26214D7A-9C07-4910-A2AE-E01F89B69C0F}.Release|x64.ActiveCfg = Release|Any CPU
		{26214D7A-9C07-4910-A2AE-E01F89B69C0F}.Release|x64.Build.0 = Release|Any CPU
		{26214D7A-9C07-4910-A2AE-E01F89B69C0F}.Release|x86.ActiveCfg = Release|Any CPU
		{26214D7A-9C07-4910-A2AE-E01F89B69C0F}.Release|x86.Build.0 = Release|Any CPU
		{24D24509-EBB8-314F-C26F-EE1811E92AB7}.Debug|Any CPU.ActiveCfg = Debug|Any CPU
		{24D24509-EBB8-314F-C26F-EE1811E92AB7}.Debug|Any CPU.Build.0 = Debug|Any CPU
		{24D24509-EBB8-314F-C26F-EE1811E92AB7}.Debug|x64.ActiveCfg = Debug|Any CPU
		{24D24509-EBB8-314F-C26F-EE1811E92AB7}.Debug|x64.Build.0 = Debug|Any CPU
		{24D24509-EBB8-314F-C26F-EE1811E92AB7}.Debug|x86.ActiveCfg = Debug|Any CPU
		{24D24509-EBB8-314F-C26F-EE1811E92AB7}.Debug|x86.Build.0 = Debug|Any CPU
		{24D24509-EBB8-314F-C26F-EE1811E92AB7}.Release|Any CPU.ActiveCfg = Release|Any CPU
		{24D24509-EBB8-314F-C26F-EE1811E92AB7}.Release|Any CPU.Build.0 = Release|Any CPU
		{24D24509-EBB8-314F-C26F-EE1811E92AB7}.Release|x64.ActiveCfg = Release|Any CPU
		{24D24509-EBB8-314F-C26F-EE1811E92AB7}.Release|x64.Build.0 = Release|Any CPU
		{24D24509-EBB8-314F-C26F-EE1811E92AB7}.Release|x86.ActiveCfg = Release|Any CPU
		{24D24509-EBB8-314F-C26F-EE1811E92AB7}.Release|x86.Build.0 = Release|Any CPU
		{36DA32FB-2EF9-19A8-32DE-644D360AB840}.Debug|Any CPU.ActiveCfg = Debug|Any CPU
		{36DA32FB-2EF9-19A8-32DE-644D360AB840}.Debug|Any CPU.Build.0 = Debug|Any CPU
		{36DA32FB-2EF9-19A8-32DE-644D360AB840}.Debug|x64.ActiveCfg = Debug|Any CPU
		{36DA32FB-2EF9-19A8-32DE-644D360AB840}.Debug|x64.Build.0 = Debug|Any CPU
		{36DA32FB-2EF9-19A8-32DE-644D360AB840}.Debug|x86.ActiveCfg = Debug|Any CPU
		{36DA32FB-2EF9-19A8-32DE-644D360AB840}.Debug|x86.Build.0 = Debug|Any CPU
		{36DA32FB-2EF9-19A8-32DE-644D360AB840}.Release|Any CPU.ActiveCfg = Release|Any CPU
		{36DA32FB-2EF9-19A8-32DE-644D360AB840}.Release|Any CPU.Build.0 = Release|Any CPU
		{36DA32FB-2EF9-19A8-32DE-644D360AB840}.Release|x64.ActiveCfg = Release|Any CPU
		{36DA32FB-2EF9-19A8-32DE-644D360AB840}.Release|x64.Build.0 = Release|Any CPU
		{36DA32FB-2EF9-19A8-32DE-644D360AB840}.Release|x86.ActiveCfg = Release|Any CPU
		{36DA32FB-2EF9-19A8-32DE-644D360AB840}.Release|x86.Build.0 = Release|Any CPU
		{FC2D0185-1D08-6051-A612-7451A7088F4B}.Debug|Any CPU.ActiveCfg = Debug|Any CPU
		{FC2D0185-1D08-6051-A612-7451A7088F4B}.Debug|Any CPU.Build.0 = Debug|Any CPU
		{FC2D0185-1D08-6051-A612-7451A7088F4B}.Debug|x64.ActiveCfg = Debug|Any CPU
		{FC2D0185-1D08-6051-A612-7451A7088F4B}.Debug|x64.Build.0 = Debug|Any CPU
		{FC2D0185-1D08-6051-A612-7451A7088F4B}.Debug|x86.ActiveCfg = Debug|Any CPU
		{FC2D0185-1D08-6051-A612-7451A7088F4B}.Debug|x86.Build.0 = Debug|Any CPU
		{FC2D0185-1D08-6051-A612-7451A7088F4B}.Release|Any CPU.ActiveCfg = Release|Any CPU
		{FC2D0185-1D08-6051-A612-7451A7088F4B}.Release|Any CPU.Build.0 = Release|Any CPU
		{FC2D0185-1D08-6051-A612-7451A7088F4B}.Release|x64.ActiveCfg = Release|Any CPU
		{FC2D0185-1D08-6051-A612-7451A7088F4B}.Release|x64.Build.0 = Release|Any CPU
		{FC2D0185-1D08-6051-A612-7451A7088F4B}.Release|x86.ActiveCfg = Release|Any CPU
		{FC2D0185-1D08-6051-A612-7451A7088F4B}.Release|x86.Build.0 = Release|Any CPU
		{EF2B551E-E635-6576-A30C-442934E78768}.Debug|Any CPU.ActiveCfg = Debug|Any CPU
		{EF2B551E-E635-6576-A30C-442934E78768}.Debug|Any CPU.Build.0 = Debug|Any CPU
		{EF2B551E-E635-6576-A30C-442934E78768}.Debug|x64.ActiveCfg = Debug|Any CPU
		{EF2B551E-E635-6576-A30C-442934E78768}.Debug|x64.Build.0 = Debug|Any CPU
		{EF2B551E-E635-6576-A30C-442934E78768}.Debug|x86.ActiveCfg = Debug|Any CPU
		{EF2B551E-E635-6576-A30C-442934E78768}.Debug|x86.Build.0 = Debug|Any CPU
		{EF2B551E-E635-6576-A30C-442934E78768}.Release|Any CPU.ActiveCfg = Release|Any CPU
		{EF2B551E-E635-6576-A30C-442934E78768}.Release|Any CPU.Build.0 = Release|Any CPU
		{EF2B551E-E635-6576-A30C-442934E78768}.Release|x64.ActiveCfg = Release|Any CPU
		{EF2B551E-E635-6576-A30C-442934E78768}.Release|x64.Build.0 = Release|Any CPU
		{EF2B551E-E635-6576-A30C-442934E78768}.Release|x86.ActiveCfg = Release|Any CPU
		{EF2B551E-E635-6576-A30C-442934E78768}.Release|x86.Build.0 = Release|Any CPU
		{9A0D914B-1A92-EACC-C433-0257C3998823}.Debug|Any CPU.ActiveCfg = Debug|Any CPU
		{9A0D914B-1A92-EACC-C433-0257C3998823}.Debug|Any CPU.Build.0 = Debug|Any CPU
		{9A0D914B-1A92-EACC-C433-0257C3998823}.Debug|x64.ActiveCfg = Debug|Any CPU
		{9A0D914B-1A92-EACC-C433-0257C3998823}.Debug|x64.Build.0 = Debug|Any CPU
		{9A0D914B-1A92-EACC-C433-0257C3998823}.Debug|x86.ActiveCfg = Debug|Any CPU
		{9A0D914B-1A92-EACC-C433-0257C3998823}.Debug|x86.Build.0 = Debug|Any CPU
		{9A0D914B-1A92-EACC-C433-0257C3998823}.Release|Any CPU.ActiveCfg = Release|Any CPU
		{9A0D914B-1A92-EACC-C433-0257C3998823}.Release|Any CPU.Build.0 = Release|Any CPU
		{9A0D914B-1A92-EACC-C433-0257C3998823}.Release|x64.ActiveCfg = Release|Any CPU
		{9A0D914B-1A92-EACC-C433-0257C3998823}.Release|x64.Build.0 = Release|Any CPU
		{9A0D914B-1A92-EACC-C433-0257C3998823}.Release|x86.ActiveCfg = Release|Any CPU
		{9A0D914B-1A92-EACC-C433-0257C3998823}.Release|x86.Build.0 = Release|Any CPU
		{F1D5A1CD-C963-47CE-9B92-59DDA280C60B}.Debug|Any CPU.ActiveCfg = Debug|Any CPU
		{F1D5A1CD-C963-47CE-9B92-59DDA280C60B}.Debug|Any CPU.Build.0 = Debug|Any CPU
		{F1D5A1CD-C963-47CE-9B92-59DDA280C60B}.Debug|x64.ActiveCfg = Debug|Any CPU
		{F1D5A1CD-C963-47CE-9B92-59DDA280C60B}.Debug|x64.Build.0 = Debug|Any CPU
		{F1D5A1CD-C963-47CE-9B92-59DDA280C60B}.Debug|x86.ActiveCfg = Debug|Any CPU
		{F1D5A1CD-C963-47CE-9B92-59DDA280C60B}.Debug|x86.Build.0 = Debug|Any CPU
		{F1D5A1CD-C963-47CE-9B92-59DDA280C60B}.Release|Any CPU.ActiveCfg = Release|Any CPU
		{F1D5A1CD-C963-47CE-9B92-59DDA280C60B}.Release|Any CPU.Build.0 = Release|Any CPU
		{F1D5A1CD-C963-47CE-9B92-59DDA280C60B}.Release|x64.ActiveCfg = Release|Any CPU
		{F1D5A1CD-C963-47CE-9B92-59DDA280C60B}.Release|x64.Build.0 = Release|Any CPU
		{F1D5A1CD-C963-47CE-9B92-59DDA280C60B}.Release|x86.ActiveCfg = Release|Any CPU
		{F1D5A1CD-C963-47CE-9B92-59DDA280C60B}.Release|x86.Build.0 = Release|Any CPU
		{03209CC2-3931-BECF-0EA8-A2CDE7D2E18D}.Debug|Any CPU.ActiveCfg = Debug|Any CPU
		{03209CC2-3931-BECF-0EA8-A2CDE7D2E18D}.Debug|Any CPU.Build.0 = Debug|Any CPU
		{03209CC2-3931-BECF-0EA8-A2CDE7D2E18D}.Debug|x64.ActiveCfg = Debug|Any CPU
		{03209CC2-3931-BECF-0EA8-A2CDE7D2E18D}.Debug|x64.Build.0 = Debug|Any CPU
		{03209CC2-3931-BECF-0EA8-A2CDE7D2E18D}.Debug|x86.ActiveCfg = Debug|Any CPU
		{03209CC2-3931-BECF-0EA8-A2CDE7D2E18D}.Debug|x86.Build.0 = Debug|Any CPU
		{03209CC2-3931-BECF-0EA8-A2CDE7D2E18D}.Release|Any CPU.ActiveCfg = Release|Any CPU
		{03209CC2-3931-BECF-0EA8-A2CDE7D2E18D}.Release|Any CPU.Build.0 = Release|Any CPU
		{03209CC2-3931-BECF-0EA8-A2CDE7D2E18D}.Release|x64.ActiveCfg = Release|Any CPU
		{03209CC2-3931-BECF-0EA8-A2CDE7D2E18D}.Release|x64.Build.0 = Release|Any CPU
		{03209CC2-3931-BECF-0EA8-A2CDE7D2E18D}.Release|x86.ActiveCfg = Release|Any CPU
		{03209CC2-3931-BECF-0EA8-A2CDE7D2E18D}.Release|x86.Build.0 = Release|Any CPU
	EndGlobalSection
	GlobalSection(SolutionProperties) = preSolution
		HideSolutionNode = FALSE
	EndGlobalSection
	GlobalSection(ExtensibilityGlobals) = postSolution
		SolutionGuid = {566C96B9-BE39-4166-8C6B-D3BAD0F2E753}
	EndGlobalSection
EndGlobal
